// !$*UTF8*$!
{
	archiveVersion = 1;
	classes = {
	};
	objectVersion = 56;
	objects = {

/* Begin PBXBuildFile section */
		7821BA2C2B0857BE00E128BE /* DevoteApp.swift in Sources */ = {isa = PBXBuildFile; fileRef = 7821BA2B2B0857BE00E128BE /* DevoteApp.swift */; };
		7821BA2E2B0857BE00E128BE /* ContentView.swift in Sources */ = {isa = PBXBuildFile; fileRef = 7821BA2D2B0857BE00E128BE /* ContentView.swift */; };
		7821BA302B0857BF00E128BE /* Assets.xcassets in Resources */ = {isa = PBXBuildFile; fileRef = 7821BA2F2B0857BF00E128BE /* Assets.xcassets */; };
		7821BA332B0857BF00E128BE /* Preview Assets.xcassets in Resources */ = {isa = PBXBuildFile; fileRef = 7821BA322B0857BF00E128BE /* Preview Assets.xcassets */; };
		7821BA352B0857BF00E128BE /* Persistence.swift in Sources */ = {isa = PBXBuildFile; fileRef = 7821BA342B0857BF00E128BE /* Persistence.swift */; };
		7821BA382B0857BF00E128BE /* Devote.xcdatamodeld in Sources */ = {isa = PBXBuildFile; fileRef = 7821BA362B0857BF00E128BE /* Devote.xcdatamodeld */; };
		7821BA412B08592C00E128BE /* sound-tap.mp3 in Resources */ = {isa = PBXBuildFile; fileRef = 7821BA3E2B08592C00E128BE /* sound-tap.mp3 */; };
		7821BA422B08592C00E128BE /* sound-ding.mp3 in Resources */ = {isa = PBXBuildFile; fileRef = 7821BA3F2B08592C00E128BE /* sound-ding.mp3 */; };
		7821BA432B08592C00E128BE /* sound-rise.mp3 in Resources */ = {isa = PBXBuildFile; fileRef = 7821BA402B08592C00E128BE /* sound-rise.mp3 */; };
		7821BA502B08622100E128BE /* Constant.swift in Sources */ = {isa = PBXBuildFile; fileRef = 7821BA4F2B08622100E128BE /* Constant.swift */; };
		78CD36142B16150600E63D34 /* HideKeyboardExtension.swift in Sources */ = {isa = PBXBuildFile; fileRef = 78CD36132B16150600E63D34 /* HideKeyboardExtension.swift */; };
/* End PBXBuildFile section */

/* Begin PBXFileReference section */
		7821BA282B0857BE00E128BE /* Devote.app */ = {isa = PBXFileReference; explicitFileType = wrapper.application; includeInIndex = 0; path = Devote.app; sourceTree = BUILT_PRODUCTS_DIR; };
		7821BA2B2B0857BE00E128BE /* DevoteApp.swift */ = {isa = PBXFileReference; lastKnownFileType = sourcecode.swift; path = DevoteApp.swift; sourceTree = "<group>"; };
		7821BA2D2B0857BE00E128BE /* ContentView.swift */ = {isa = PBXFileReference; lastKnownFileType = sourcecode.swift; path = ContentView.swift; sourceTree = "<group>"; };
		7821BA2F2B0857BF00E128BE /* Assets.xcassets */ = {isa = PBXFileReference; lastKnownFileType = folder.assetcatalog; path = Assets.xcassets; sourceTree = "<group>"; };
		7821BA322B0857BF00E128BE /* Preview Assets.xcassets */ = {isa = PBXFileReference; lastKnownFileType = folder.assetcatalog; path = "Preview Assets.xcassets"; sourceTree = "<group>"; };
		7821BA342B0857BF00E128BE /* Persistence.swift */ = {isa = PBXFileReference; lastKnownFileType = sourcecode.swift; path = Persistence.swift; sourceTree = "<group>"; };
		7821BA372B0857BF00E128BE /* Devote.xcdatamodel */ = {isa = PBXFileReference; lastKnownFileType = wrapper.xcdatamodel; path = Devote.xcdatamodel; sourceTree = "<group>"; };
		7821BA3E2B08592C00E128BE /* sound-tap.mp3 */ = {isa = PBXFileReference; lastKnownFileType = audio.mp3; path = "sound-tap.mp3"; sourceTree = "<group>"; };
		7821BA3F2B08592C00E128BE /* sound-ding.mp3 */ = {isa = PBXFileReference; lastKnownFileType = audio.mp3; path = "sound-ding.mp3"; sourceTree = "<group>"; };
		7821BA402B08592C00E128BE /* sound-rise.mp3 */ = {isa = PBXFileReference; lastKnownFileType = audio.mp3; path = "sound-rise.mp3"; sourceTree = "<group>"; };
		7821BA4A2B085A3D00E128BE /* Info.plist */ = {isa = PBXFileReference; lastKnownFileType = text.plist; path = Info.plist; sourceTree = "<group>"; };
		7821BA4F2B08622100E128BE /* Constant.swift */ = {isa = PBXFileReference; lastKnownFileType = sourcecode.swift; path = Constant.swift; sourceTree = "<group>"; };
		78CD36132B16150600E63D34 /* HideKeyboardExtension.swift */ = {isa = PBXFileReference; lastKnownFileType = sourcecode.swift; path = HideKeyboardExtension.swift; sourceTree = "<group>"; };
/* End PBXFileReference section */

/* Begin PBXFrameworksBuildPhase section */
		7821BA252B0857BE00E128BE /* Frameworks */ = {
			isa = PBXFrameworksBuildPhase;
			buildActionMask = 2147483647;
			files = (
			);
			runOnlyForDeploymentPostprocessing = 0;
		};
/* End PBXFrameworksBuildPhase section */

/* Begin PBXGroup section */
		7821BA1F2B0857BE00E128BE = {
			isa = PBXGroup;
			children = (
				7821BA2A2B0857BE00E128BE /* Devote */,
				7821BA292B0857BE00E128BE /* Products */,
			);
			sourceTree = "<group>";
		};
		7821BA292B0857BE00E128BE /* Products */ = {
			isa = PBXGroup;
			children = (
				7821BA282B0857BE00E128BE /* Devote.app */,
			);
			name = Products;
			sourceTree = "<group>";
		};
		7821BA2A2B0857BE00E128BE /* Devote */ = {
			isa = PBXGroup;
			children = (
				7821BA4A2B085A3D00E128BE /* Info.plist */,
				7821BA2B2B0857BE00E128BE /* DevoteApp.swift */,
				7821BA462B0859A800E128BE /* Extension */,
				7821BA492B0859E100E128BE /* Model */,
				7821BA442B08599400E128BE /* Sound */,
				7821BA482B0859B500E128BE /* Style */,
				7821BA472B0859AE00E128BE /* Utility */,
				7821BA452B08599F00E128BE /* View */,
				7821BA2F2B0857BF00E128BE /* Assets.xcassets */,
				7821BA312B0857BF00E128BE /* Preview Content */,
			);
			path = Devote;
			sourceTree = "<group>";
		};
		7821BA312B0857BF00E128BE /* Preview Content */ = {
			isa = PBXGroup;
			children = (
				7821BA322B0857BF00E128BE /* Preview Assets.xcassets */,
			);
			path = "Preview Content";
			sourceTree = "<group>";
		};
		7821BA442B08599400E128BE /* Sound */ = {
			isa = PBXGroup;
			children = (
				7821BA3F2B08592C00E128BE /* sound-ding.mp3 */,
				7821BA402B08592C00E128BE /* sound-rise.mp3 */,
				7821BA3E2B08592C00E128BE /* sound-tap.mp3 */,
			);
			path = Sound;
			sourceTree = "<group>";
		};
		7821BA452B08599F00E128BE /* View */ = {
			isa = PBXGroup;
			children = (
				7821BA2D2B0857BE00E128BE /* ContentView.swift */,
			);
			path = View;
			sourceTree = "<group>";
		};
		7821BA462B0859A800E128BE /* Extension */ = {
			isa = PBXGroup;
			children = (
				78CD36132B16150600E63D34 /* HideKeyboardExtension.swift */,
			);
			path = Extension;
			sourceTree = "<group>";
		};
		7821BA472B0859AE00E128BE /* Utility */ = {
			isa = PBXGroup;
			children = (
				7821BA4F2B08622100E128BE /* Constant.swift */,
			);
			path = Utility;
			sourceTree = "<group>";
		};
		7821BA482B0859B500E128BE /* Style */ = {
			isa = PBXGroup;
			children = (
			);
			name = Style;
			sourceTree = "<group>";
		};
		7821BA492B0859E100E128BE /* Model */ = {
			isa = PBXGroup;
			children = (
				7821BA342B0857BF00E128BE /* Persistence.swift */,
				7821BA362B0857BF00E128BE /* Devote.xcdatamodeld */,
			);
			name = Model;
			sourceTree = "<group>";
		};
/* End PBXGroup section */

/* Begin PBXNativeTarget section */
		7821BA272B0857BE00E128BE /* Devote */ = {
			isa = PBXNativeTarget;
			buildConfigurationList = 7821BA3B2B0857BF00E128BE /* Build configuration list for PBXNativeTarget "Devote" */;
			buildPhases = (
				7821BA242B0857BE00E128BE /* Sources */,
				7821BA252B0857BE00E128BE /* Frameworks */,
				7821BA262B0857BE00E128BE /* Resources */,
			);
			buildRules = (
			);
			dependencies = (
			);
			name = Devote;
			productName = Devote;
			productReference = 7821BA282B0857BE00E128BE /* Devote.app */;
			productType = "com.apple.product-type.application";
		};
/* End PBXNativeTarget section */

/* Begin PBXProject section */
		7821BA202B0857BE00E128BE /* Project object */ = {
			isa = PBXProject;
			attributes = {
				BuildIndependentTargetsInParallel = 1;
				LastSwiftUpdateCheck = 1500;
				LastUpgradeCheck = 1500;
				TargetAttributes = {
					7821BA272B0857BE00E128BE = {
						CreatedOnToolsVersion = 15.0.1;
					};
				};
			};
			buildConfigurationList = 7821BA232B0857BE00E128BE /* Build configuration list for PBXProject "Devote" */;
			compatibilityVersion = "Xcode 14.0";
			developmentRegion = en;
			hasScannedForEncodings = 0;
			knownRegions = (
				en,
				Base,
			);
			mainGroup = 7821BA1F2B0857BE00E128BE;
			productRefGroup = 7821BA292B0857BE00E128BE /* Products */;
			projectDirPath = "";
			projectRoot = "";
			targets = (
				7821BA272B0857BE00E128BE /* Devote */,
			);
		};
/* End PBXProject section */

/* Begin PBXResourcesBuildPhase section */
		7821BA262B0857BE00E128BE /* Resources */ = {
			isa = PBXResourcesBuildPhase;
			buildActionMask = 2147483647;
			files = (
				7821BA432B08592C00E128BE /* sound-rise.mp3 in Resources */,
				7821BA422B08592C00E128BE /* sound-ding.mp3 in Resources */,
				7821BA412B08592C00E128BE /* sound-tap.mp3 in Resources */,
				7821BA332B0857BF00E128BE /* Preview Assets.xcassets in Resources */,
				7821BA302B0857BF00E128BE /* Assets.xcassets in Resources */,
			);
			runOnlyForDeploymentPostprocessing = 0;
		};
/* End PBXResourcesBuildPhase section */

/* Begin PBXSourcesBuildPhase section */
		7821BA242B0857BE00E128BE /* Sources */ = {
			isa = PBXSourcesBuildPhase;
			buildActionMask = 2147483647;
			files = (
				7821BA352B0857BF00E128BE /* Persistence.swift in Sources */,
				7821BA2E2B0857BE00E128BE /* ContentView.swift in Sources */,
				78CD36142B16150600E63D34 /* HideKeyboardExtension.swift in Sources */,
				7821BA502B08622100E128BE /* Constant.swift in Sources */,
				7821BA382B0857BF00E128BE /* Devote.xcdatamodeld in Sources */,
				7821BA2C2B0857BE00E128BE /* DevoteApp.swift in Sources */,
			);
			runOnlyForDeploymentPostprocessing = 0;
		};
/* End PBXSourcesBuildPhase section */

/* Begin XCBuildConfiguration section */
		7821BA392B0857BF00E128BE /* Debug */ = {
			isa = XCBuildConfiguration;
			buildSettings = {
				ALWAYS_SEARCH_USER_PATHS = NO;
				ASSETCATALOG_COMPILER_GENERATE_SWIFT_ASSET_SYMBOL_EXTENSIONS = YES;
				CLANG_ANALYZER_NONNULL = YES;
				CLANG_ANALYZER_NUMBER_OBJECT_CONVERSION = YES_AGGRESSIVE;
				CLANG_CXX_LANGUAGE_STANDARD = "gnu++20";
				CLANG_ENABLE_MODULES = YES;
				CLANG_ENABLE_OBJC_ARC = YES;
				CLANG_ENABLE_OBJC_WEAK = YES;
				CLANG_WARN_BLOCK_CAPTURE_AUTORELEASING = YES;
				CLANG_WARN_BOOL_CONVERSION = YES;
				CLANG_WARN_COMMA = YES;
				CLANG_WARN_CONSTANT_CONVERSION = YES;
				CLANG_WARN_DEPRECATED_OBJC_IMPLEMENTATIONS = YES;
				CLANG_WARN_DIRECT_OBJC_ISA_USAGE = YES_ERROR;
				CLANG_WARN_DOCUMENTATION_COMMENTS = YES;
				CLANG_WARN_EMPTY_BODY = YES;
				CLANG_WARN_ENUM_CONVERSION = YES;
				CLANG_WARN_INFINITE_RECURSION = YES;
				CLANG_WARN_INT_CONVERSION = YES;
				CLANG_WARN_NON_LITERAL_NULL_CONVERSION = YES;
				CLANG_WARN_OBJC_IMPLICIT_RETAIN_SELF = YES;
				CLANG_WARN_OBJC_LITERAL_CONVERSION = YES;
				CLANG_WARN_OBJC_ROOT_CLASS = YES_ERROR;
				CLANG_WARN_QUOTED_INCLUDE_IN_FRAMEWORK_HEADER = YES;
				CLANG_WARN_RANGE_LOOP_ANALYSIS = YES;
				CLANG_WARN_STRICT_PROTOTYPES = YES;
				CLANG_WARN_SUSPICIOUS_MOVE = YES;
				CLANG_WARN_UNGUARDED_AVAILABILITY = YES_AGGRESSIVE;
				CLANG_WARN_UNREACHABLE_CODE = YES;
				CLANG_WARN__DUPLICATE_METHOD_MATCH = YES;
				COPY_PHASE_STRIP = NO;
				DEBUG_INFORMATION_FORMAT = dwarf;
				ENABLE_STRICT_OBJC_MSGSEND = YES;
				ENABLE_TESTABILITY = YES;
				ENABLE_USER_SCRIPT_SANDBOXING = YES;
				GCC_C_LANGUAGE_STANDARD = gnu17;
				GCC_DYNAMIC_NO_PIC = NO;
				GCC_NO_COMMON_BLOCKS = YES;
				GCC_OPTIMIZATION_LEVEL = 0;
				GCC_PREPROCESSOR_DEFINITIONS = (
					"DEBUG=1",
					"$(inherited)",
				);
				GCC_WARN_64_TO_32_BIT_CONVERSION = YES;
				GCC_WARN_ABOUT_RETURN_TYPE = YES_ERROR;
				GCC_WARN_UNDECLARED_SELECTOR = YES;
				GCC_WARN_UNINITIALIZED_AUTOS = YES_AGGRESSIVE;
				GCC_WARN_UNUSED_FUNCTION = YES;
				GCC_WARN_UNUSED_VARIABLE = YES;
				IPHONEOS_DEPLOYMENT_TARGET = 17.0;
				LOCALIZATION_PREFERS_STRING_CATALOGS = YES;
				MTL_ENABLE_DEBUG_INFO = INCLUDE_SOURCE;
				MTL_FAST_MATH = YES;
				ONLY_ACTIVE_ARCH = YES;
				SDKROOT = iphoneos;
				SWIFT_ACTIVE_COMPILATION_CONDITIONS = "DEBUG $(inherited)";
				SWIFT_OPTIMIZATION_LEVEL = "-Onone";
			};
			name = Debug;
		};
		7821BA3A2B0857BF00E128BE /* Release */ = {
			isa = XCBuildConfiguration;
			buildSettings = {
				ALWAYS_SEARCH_USER_PATHS = NO;
				ASSETCATALOG_COMPILER_GENERATE_SWIFT_ASSET_SYMBOL_EXTENSIONS = YES;
				CLANG_ANALYZER_NONNULL = YES;
				CLANG_ANALYZER_NUMBER_OBJECT_CONVERSION = YES_AGGRESSIVE;
				CLANG_CXX_LANGUAGE_STANDARD = "gnu++20";
				CLANG_ENABLE_MODULES = YES;
				CLANG_ENABLE_OBJC_ARC = YES;
				CLANG_ENABLE_OBJC_WEAK = YES;
				CLANG_WARN_BLOCK_CAPTURE_AUTORELEASING = YES;
				CLANG_WARN_BOOL_CONVERSION = YES;
				CLANG_WARN_COMMA = YES;
				CLANG_WARN_CONSTANT_CONVERSION = YES;
				CLANG_WARN_DEPRECATED_OBJC_IMPLEMENTATIONS = YES;
				CLANG_WARN_DIRECT_OBJC_ISA_USAGE = YES_ERROR;
				CLANG_WARN_DOCUMENTATION_COMMENTS = YES;
				CLANG_WARN_EMPTY_BODY = YES;
				CLANG_WARN_ENUM_CONVERSION = YES;
				CLANG_WARN_INFINITE_RECURSION = YES;
				CLANG_WARN_INT_CONVERSION = YES;
				CLANG_WARN_NON_LITERAL_NULL_CONVERSION = YES;
				CLANG_WARN_OBJC_IMPLICIT_RETAIN_SELF = YES;
				CLANG_WARN_OBJC_LITERAL_CONVERSION = YES;
				CLANG_WARN_OBJC_ROOT_CLASS = YES_ERROR;
				CLANG_WARN_QUOTED_INCLUDE_IN_FRAMEWORK_HEADER = YES;
				CLANG_WARN_RANGE_LOOP_ANALYSIS = YES;
				CLANG_WARN_STRICT_PROTOTYPES = YES;
				CLANG_WARN_SUSPICIOUS_MOVE = YES;
				CLANG_WARN_UNGUARDED_AVAILABILITY = YES_AGGRESSIVE;
				CLANG_WARN_UNREACHABLE_CODE = YES;
				CLANG_WARN__DUPLICATE_METHOD_MATCH = YES;
				COPY_PHASE_STRIP = NO;
				DEBUG_INFORMATION_FORMAT = "dwarf-with-dsym";
				ENABLE_NS_ASSERTIONS = NO;
				ENABLE_STRICT_OBJC_MSGSEND = YES;
				ENABLE_USER_SCRIPT_SANDBOXING = YES;
				GCC_C_LANGUAGE_STANDARD = gnu17;
				GCC_NO_COMMON_BLOCKS = YES;
				GCC_WARN_64_TO_32_BIT_CONVERSION = YES;
				GCC_WARN_ABOUT_RETURN_TYPE = YES_ERROR;
				GCC_WARN_UNDECLARED_SELECTOR = YES;
				GCC_WARN_UNINITIALIZED_AUTOS = YES_AGGRESSIVE;
				GCC_WARN_UNUSED_FUNCTION = YES;
				GCC_WARN_UNUSED_VARIABLE = YES;
				IPHONEOS_DEPLOYMENT_TARGET = 17.0;
				LOCALIZATION_PREFERS_STRING_CATALOGS = YES;
				MTL_ENABLE_DEBUG_INFO = NO;
				MTL_FAST_MATH = YES;
				SDKROOT = iphoneos;
				SWIFT_COMPILATION_MODE = wholemodule;
				VALIDATE_PRODUCT = YES;
			};
			name = Release;
		};
		7821BA3C2B0857BF00E128BE /* Debug */ = {
			isa = XCBuildConfiguration;
			buildSettings = {
				ASSETCATALOG_COMPILER_APPICON_NAME = AppIcon;
				ASSETCATALOG_COMPILER_GLOBAL_ACCENT_COLOR_NAME = AccentColor;
				CODE_SIGN_STYLE = Automatic;
				CURRENT_PROJECT_VERSION = 1;
				DEVELOPMENT_ASSET_PATHS = "\"Devote/Preview Content\"";
				DEVELOPMENT_TEAM = XZCX55P669;
				ENABLE_PREVIEWS = YES;
				GENERATE_INFOPLIST_FILE = YES;
				INFOPLIST_FILE = Devote/Info.plist;
				INFOPLIST_KEY_UIApplicationSceneManifest_Generation = YES;
				INFOPLIST_KEY_UIApplicationSupportsIndirectInputEvents = YES;
				INFOPLIST_KEY_UISupportedInterfaceOrientations = UIInterfaceOrientationPortrait;
				INFOPLIST_KEY_UISupportedInterfaceOrientations_iPad = "UIInterfaceOrientationPortrait UIInterfaceOrientationPortraitUpsideDown";
				LD_RUNPATH_SEARCH_PATHS = (
					"$(inherited)",
					"@executable_path/Frameworks",
				);
				MARKETING_VERSION = 1.0;
				PRODUCT_BUNDLE_IDENTIFIER = uday.Devote;
				PRODUCT_NAME = "$(TARGET_NAME)";
				SWIFT_EMIT_LOC_STRINGS = YES;
				SWIFT_VERSION = 5.0;
				TARGETED_DEVICE_FAMILY = "1,2";
			};
			name = Debug;
		};
		7821BA3D2B0857BF00E128BE /* Release */ = {
			isa = XCBuildConfiguration;
			buildSettings = {
				ASSETCATALOG_COMPILER_APPICON_NAME = AppIcon;
				ASSETCATALOG_COMPILER_GLOBAL_ACCENT_COLOR_NAME = AccentColor;
				CODE_SIGN_STYLE = Automatic;
				CURRENT_PROJECT_VERSION = 1;
				DEVELOPMENT_ASSET_PATHS = "\"Devote/Preview Content\"";
				DEVELOPMENT_TEAM = XZCX55P669;
				ENABLE_PREVIEWS = YES;
				GENERATE_INFOPLIST_FILE = YES;
				INFOPLIST_FILE = Devote/Info.plist;
				INFOPLIST_KEY_UIApplicationSceneManifest_Generation = YES;
				INFOPLIST_KEY_UIApplicationSupportsIndirectInputEvents = YES;
				INFOPLIST_KEY_UISupportedInterfaceOrientations = UIInterfaceOrientationPortrait;
				INFOPLIST_KEY_UISupportedInterfaceOrientations_iPad = "UIInterfaceOrientationPortrait UIInterfaceOrientationPortraitUpsideDown";
				LD_RUNPATH_SEARCH_PATHS = (
					"$(inherited)",
					"@executable_path/Frameworks",
				);
				MARKETING_VERSION = 1.0;
				PRODUCT_BUNDLE_IDENTIFIER = uday.Devote;
				PRODUCT_NAME = "$(TARGET_NAME)";
				SWIFT_EMIT_LOC_STRINGS = YES;
				SWIFT_VERSION = 5.0;
				TARGETED_DEVICE_FAMILY = "1,2";
			};
			name = Release;
		};
/* End XCBuildConfiguration section */

/* Begin XCConfigurationList section */
		7821BA232B0857BE00E128BE /* Build configuration list for PBXProject "Devote" */ = {
			isa = XCConfigurationList;
			buildConfigurations = (
				7821BA392B0857BF00E128BE /* Debug */,
				7821BA3A2B0857BF00E128BE /* Release */,
			);
			defaultConfigurationIsVisible = 0;
			defaultConfigurationName = Release;
		};
		7821BA3B2B0857BF00E128BE /* Build configuration list for PBXNativeTarget "Devote" */ = {
			isa = XCConfigurationList;
			buildConfigurations = (
				7821BA3C2B0857BF00E128BE /* Debug */,
				7821BA3D2B0857BF00E128BE /* Release */,
			);
			defaultConfigurationIsVisible = 0;
			defaultConfigurationName = Release;
		};
/* End XCConfigurationList section */

/* Begin XCVersionGroup section */
		7821BA362B0857BF00E128BE /* Devote.xcdatamodeld */ = {
			isa = XCVersionGroup;
			children = (
				7821BA372B0857BF00E128BE /* Devote.xcdatamodel */,
			);
			currentVersion = 7821BA372B0857BF00E128BE /* Devote.xcdatamodel */;
			path = Devote.xcdatamodeld;
			sourceTree = "<group>";
			versionGroupType = wrapper.xcdatamodel;
		};
/* End XCVersionGroup section */
	};
	rootObject = 7821BA202B0857BE00E128BE /* Project object */;
}
